{
    "_readme": [
        "This file locks the dependencies of your project to a known state",
        "Read more about it at https://getcomposer.org/doc/01-basic-usage.md#composer-lock-the-lock-file",
        "This file is @generated automatically"
    ],
    "hash": "c807c7b78e3def9ab8c84cff8f6ea2d2",
    "packages": [
        {
            "name": "cbschuld/browser.php",
            "version": "dev-master",
            "source": {
                "type": "git",
                "url": "https://github.com/cbschuld/Browser.php.git",
                "reference": "45f4e96082c1b63357088f2204cc544574c713cf"
            },
            "dist": {
                "type": "zip",
                "url": "https://api.github.com/repos/cbschuld/Browser.php/zipball/45f4e96082c1b63357088f2204cc544574c713cf",
                "reference": "45f4e96082c1b63357088f2204cc544574c713cf",
                "shasum": ""
            },
            "type": "library",
            "autoload": {
                "files": [
                    "lib/Browser.php"
                ]
            },
            "notification-url": "https://packagist.org/downloads/",
            "license": [
                "MIT"
            ],
            "authors": [
                {
                    "name": "Chris Schuld",
                    "email": "chris@chrisschuld.com",
                    "homepage": "http://chrisschuld.com"
                }
            ],
            "homepage": "http://chrisschuld.com/projects/browser-php-detecting-a-users-browser-from-php.html",
            "keywords": [
                "browser",
                "detection",
                "user agent"
            ],
            "time": "2015-02-09 13:43:55"
        },
        {
            "name": "gregwar/captcha",
            "version": "v1.0.12",
            "target-dir": "Gregwar/Captcha",
            "source": {
                "type": "git",
                "url": "https://github.com/Gregwar/Captcha.git",
                "reference": "c5357cb6f6d2c09f70ed1712382d44af6eae0865"
            },
            "dist": {
                "type": "zip",
                "url": "https://api.github.com/repos/Gregwar/Captcha/zipball/c5357cb6f6d2c09f70ed1712382d44af6eae0865",
                "reference": "c5357cb6f6d2c09f70ed1712382d44af6eae0865",
                "shasum": ""
            },
            "require": {
                "ext-gd": "*",
                "php": ">=5.3.0"
            },
            "type": "captcha",
            "autoload": {
                "psr-0": {
                    "Gregwar\\Captcha": ""
                }
            },
            "notification-url": "https://packagist.org/downloads/",
            "license": [
                "MIT"
            ],
            "authors": [
                {
                    "name": "Grégoire Passault",
                    "email": "g.passault@gmail.com",
                    "homepage": "http://www.gregwar.com/"
                },
                {
                    "name": "Jeremy Livingston",
                    "email": "jeremy.j.livingston@gmail.com"
                }
            ],
            "description": "Captcha generator",
            "homepage": "https://github.com/Gregwar/Captcha",
            "keywords": [
                "bot",
                "captcha",
                "spam"
            ],
            "time": "2015-01-03 12:41:56"
        },
        {
            "name": "mikehaertl/php-shellcommand",
            "version": "1.1.0",
            "source": {
                "type": "git",
                "url": "https://github.com/mikehaertl/php-shellcommand.git",
                "reference": "ac7d139cd3e6bbdff3254fd2eac7deb30117961d"
            },
            "dist": {
                "type": "zip",
                "url": "https://api.github.com/repos/mikehaertl/php-shellcommand/zipball/ac7d139cd3e6bbdff3254fd2eac7deb30117961d",
                "reference": "ac7d139cd3e6bbdff3254fd2eac7deb30117961d",
                "shasum": ""
            },
            "type": "library",
            "autoload": {
                "psr-4": {
                    "mikehaertl\\shellcommand\\": "src/"
                }
            },
            "notification-url": "https://packagist.org/downloads/",
            "license": [
                "MIT"
            ],
            "authors": [
                {
                    "name": "Michael Härtl",
                    "email": "haertl.mike@gmail.com"
                }
            ],
            "description": "An object oriented interface to shell commands",
            "keywords": [
                "shell"
            ],
            "time": "2015-07-07 08:34:45"
        },
        {
            "name": "mikehaertl/php-tmpfile",
            "version": "1.0.0",
            "source": {
                "type": "git",
                "url": "https://github.com/mikehaertl/php-tmpfile.git",
                "reference": "e34d43fa546d09f434b59ea8c05d4e4d55d55687"
            },
            "dist": {
                "type": "zip",
                "url": "https://api.github.com/repos/mikehaertl/php-tmpfile/zipball/e34d43fa546d09f434b59ea8c05d4e4d55d55687",
                "reference": "e34d43fa546d09f434b59ea8c05d4e4d55d55687",
                "shasum": ""
            },
            "type": "library",
            "autoload": {
                "psr-4": {
                    "mikehaertl\\tmp\\": "src/"
                }
            },
            "notification-url": "https://packagist.org/downloads/",
            "license": [
                "MIT"
            ],
            "authors": [
                {
                    "name": "Michael Haertl",
                    "email": "haertl.mike@gmail.com"
                }
            ],
            "description": "A convenience class for temporary files",
            "keywords": [
                "files"
            ],
            "time": "2014-07-09 11:08:51"
        },
        {
            "name": "mikehaertl/phpwkhtmltopdf",
            "version": "2.1.0",
            "source": {
                "type": "git",
                "url": "https://github.com/mikehaertl/phpwkhtmltopdf.git",
                "reference": "dd9aa056bbdd7222e6bf2848d036bf9c3a2930cd"
            },
            "dist": {
                "type": "zip",
                "url": "https://api.github.com/repos/mikehaertl/phpwkhtmltopdf/zipball/dd9aa056bbdd7222e6bf2848d036bf9c3a2930cd",
                "reference": "dd9aa056bbdd7222e6bf2848d036bf9c3a2930cd",
                "shasum": ""
            },
            "require": {
                "mikehaertl/php-shellcommand": "^1.0.2",
                "mikehaertl/php-tmpfile": "^1.0.0",
                "php": ">=5.0.0"
            },
            "type": "library",
            "extra": {
                "branch-alias": {
                    "dev-master": "2.0.x-dev"
                }
            },
            "autoload": {
                "psr-4": {
                    "mikehaertl\\wkhtmlto\\": "src/"
                }
            },
            "notification-url": "https://packagist.org/downloads/",
            "license": [
                "MIT"
            ],
            "authors": [
                {
                    "name": "Michael Haertl",
                    "email": "haertl.mike@gmail.com"
                }
            ],
            "description": "A slim PHP wrapper around wkhtmltopdf with an easy to use and clean OOP interface",
            "homepage": "http://mikehaertl.github.com/phpwkhtmltopdf/",
            "keywords": [
                "pdf",
                "wkhtmltoimage",
                "wkhtmltopdf"
            ],
            "time": "2015-06-30 17:32:10"
        },
        {
            "name": "phpmailer/phpmailer",
            "version": "v5.2.10",
            "source": {
                "type": "git",
                "url": "https://github.com/PHPMailer/PHPMailer.git",
                "reference": "07005ecbb80d11ec8c0f067bb37e8909cc7fcbb7"
            },
            "dist": {
                "type": "zip",
                "url": "https://api.github.com/repos/PHPMailer/PHPMailer/zipball/07005ecbb80d11ec8c0f067bb37e8909cc7fcbb7",
                "reference": "07005ecbb80d11ec8c0f067bb37e8909cc7fcbb7",
                "shasum": ""
            },
            "require": {
                "php": ">=5.0.0"
            },
            "require-dev": {
                "phpdocumentor/phpdocumentor": "*",
                "phpunit/phpunit": "4.3.*"
            },
            "type": "library",
            "autoload": {
                "classmap": [
                    "class.phpmailer.php",
                    "class.smtp.php",
                    "class.pop3.php",
                    "extras/EasyPeasyICS.php",
                    "extras/ntlm_sasl_client.php"
                ]
            },
            "notification-url": "https://packagist.org/downloads/",
            "license": [
                "LGPL-2.1"
            ],
            "authors": [
                {
                    "name": "Jim Jagielski",
                    "email": "jimjag@gmail.com"
                },
                {
                    "name": "Marcus Bointon",
                    "email": "phpmailer@synchromedia.co.uk"
                },
                {
                    "name": "Andy Prevost",
                    "email": "codeworxtech@users.sourceforge.net"
                },
                {
                    "name": "Brent R. Matzelle"
                }
            ],
            "description": "PHPMailer is a full-featured email creation and transfer class for PHP",
            "time": "2015-05-04 12:37:21"
        }
    ],
    "packages-dev": [],
    "aliases": [],
    "minimum-stability": "stable",
    "stability-flags": {
        "cbschuld/browser.php": 20
    },
    "prefer-stable": false,
    "prefer-lowest": false,
    "platform": {
        "php": ">=5.3.7"
    },
    "platform-dev": []
}
